
Microsoft Visual Studio Solution File, Format Version 12.00
# Visual Studio Version 17
VisualStudioVersion = 17.11.35303.130
MinimumVisualStudioVersion = 10.0.40219.1
Project("{FAE04EC0-301F-11D3-BF4B-00C04F79EFBC}") = "MvcMovie", "MvcMovie\MvcMovie.csproj", "{CD66D8F3-ACFF-4283-B894-F91EAEAEB6EF}"
EndProject
Global
	GlobalSection(SolutionConfigurationPlatforms) = preSolution
		Debug|Any CPU = Debug|Any CPU
		Release|Any CPU = Release|Any CPU
	EndGlobalSection
	GlobalSection(ProjectConfigurationPlatforms) = postSolution
		{CD66D8F3-ACFF-4283-B894-F91EAEAEB6EF}.Debug|Any CPU.ActiveCfg = Debug|Any CPU
		{CD66D8F3-ACFF-4283-B894-F91EAEAEB6EF}.Debug|Any CPU.Build.0 = Debug|Any CPU
		{CD66D8F3-ACFF-4283-B894-F91EAEAEB6EF}.Release|Any CPU.ActiveCfg = Release|Any CPU
		{CD66D8F3-ACFF-4283-B894-F91EAEAEB6EF}.Release|Any CPU.Build.0 = Release|Any CPU
	EndGlobalSection
	GlobalSection(SolutionProperties) = preSolution
		HideSolutionNode = FALSE
	EndGlobalSection
	GlobalSection(ExtensibilityGlobals) = postSolution
		SolutionGuid = {F693878A-BCE4-46F5-B529-48E842CD2D71}
	EndGlobalSection
EndGlobal
